
Microsoft Visual Studio Solution File, Format Version 12.00
# Visual Studio 14
VisualStudioVersion = 14.0.25420.1
MinimumVisualStudioVersion = 10.0.40219.1
Project("{FAE04EC0-301F-11D3-BF4B-00C04F79EFBC}") = "AppEncuestas.Android", "AppEncuestas\AppEncuestas.Android\AppEncuestas.Android.csproj", "{945465C6-D85E-4608-9F69-3520CF79B3AB}"
EndProject
Project("{FAE04EC0-301F-11D3-BF4B-00C04F79EFBC}") = "AppEncuestas", "AppEncuestas\AppEncuestas\AppEncuestas.csproj", "{504349DA-5587-4686-A3DA-739D448FAA6D}"
EndProject
Project("{FAE04EC0-301F-11D3-BF4B-00C04F79EFBC}") = "AppEncuestas.UWP", "AppEncuestas\AppEncuestas.UWP\AppEncuestas.UWP.csproj", "{0CDC6A82-A68F-402F-BDEE-273853005ECE}"
EndProject
Project("{FAE04EC0-301F-11D3-BF4B-00C04F79EFBC}") = "AppEncuestas.iOS", "AppEncuestas\AppEncuestas.iOS\AppEncuestas.iOS.csproj", "{AEB1EDFB-2D98-4103-A853-9FF199D4B7EB}"
EndProject
Global
	GlobalSection(SolutionConfigurationPlatforms) = preSolution
		Ad-Hoc|Any CPU = Ad-Hoc|Any CPU
		Ad-Hoc|ARM = Ad-Hoc|ARM
		Ad-Hoc|iPhone = Ad-Hoc|iPhone
		Ad-Hoc|iPhoneSimulator = Ad-Hoc|iPhoneSimulator
		Ad-Hoc|x64 = Ad-Hoc|x64
		Ad-Hoc|x86 = Ad-Hoc|x86
		AppStore|Any CPU = AppStore|Any CPU
		AppStore|ARM = AppStore|ARM
		AppStore|iPhone = AppStore|iPhone
		AppStore|iPhoneSimulator = AppStore|iPhoneSimulator
		AppStore|x64 = AppStore|x64
		AppStore|x86 = AppStore|x86
		Debug|Any CPU = Debug|Any CPU
		Debug|ARM = Debug|ARM
		Debug|iPhone = Debug|iPhone
		Debug|iPhoneSimulator = Debug|iPhoneSimulator
		Debug|x64 = Debug|x64
		Debug|x86 = Debug|x86
		Release|Any CPU = Release|Any CPU
		Release|ARM = Release|ARM
		Release|iPhone = Release|iPhone
		Release|iPhoneSimulator = Release|iPhoneSimulator
		Release|x64 = Release|x64
		Release|x86 = Release|x86
	EndGlobalSection
	GlobalSection(ProjectConfigurationPlatforms) = postSolution
		{945465C6-D85E-4608-9F69-3520CF79B3AB}.Ad-Hoc|Any CPU.ActiveCfg = Release|Any CPU
		{945465C6-D85E-4608-9F69-3520CF79B3AB}.Ad-Hoc|Any CPU.Build.0 = Release|Any CPU
		{945465C6-D85E-4608-9F69-3520CF79B3AB}.Ad-Hoc|Any CPU.Deploy.0 = Release|Any CPU
		{945465C6-D85E-4608-9F69-3520CF79B3AB}.Ad-Hoc|ARM.ActiveCfg = Release|Any CPU
		{945465C6-D85E-4608-9F69-3520CF79B3AB}.Ad-Hoc|ARM.Build.0 = Release|Any CPU
		{945465C6-D85E-4608-9F69-3520CF79B3AB}.Ad-Hoc|ARM.Deploy.0 = Release|Any CPU
		{945465C6-D85E-4608-9F69-3520CF79B3AB}.Ad-Hoc|iPhone.ActiveCfg = Release|Any CPU
		{945465C6-D85E-4608-9F69-3520CF79B3AB}.Ad-Hoc|iPhone.Build.0 = Release|Any CPU
		{945465C6-D85E-4608-9F69-3520CF79B3AB}.Ad-Hoc|iPhone.Deploy.0 = Release|Any CPU
		{945465C6-D85E-4608-9F69-3520CF79B3AB}.Ad-Hoc|iPhoneSimulator.ActiveCfg = Release|Any CPU
		{945465C6-D85E-4608-9F69-3520CF79B3AB}.Ad-Hoc|iPhoneSimulator.Build.0 = Release|Any CPU
		{945465C6-D85E-4608-9F69-3520CF79B3AB}.Ad-Hoc|iPhoneSimulator.Deploy.0 = Release|Any CPU
		{945465C6-D85E-4608-9F69-3520CF79B3AB}.Ad-Hoc|x64.ActiveCfg = Release|Any CPU
		{945465C6-D85E-4608-9F69-3520CF79B3AB}.Ad-Hoc|x64.Build.0 = Release|Any CPU
		{945465C6-D85E-4608-9F69-3520CF79B3AB}.Ad-Hoc|x64.Deploy.0 = Release|Any CPU
		{945465C6-D85E-4608-9F69-3520CF79B3AB}.Ad-Hoc|x86.ActiveCfg = Release|Any CPU
		{945465C6-D85E-4608-9F69-3520CF79B3AB}.Ad-Hoc|x86.Build.0 = Release|Any CPU
		{945465C6-D85E-4608-9F69-3520CF79B3AB}.Ad-Hoc|x86.Deploy.0 = Release|Any CPU
		{945465C6-D85E-4608-9F69-3520CF79B3AB}.AppStore|Any CPU.ActiveCfg = Release|Any CPU
		{945465C6-D85E-4608-9F69-3520CF79B3AB}.AppStore|Any CPU.Build.0 = Release|Any CPU
		{945465C6-D85E-4608-9F69-3520CF79B3AB}.AppStore|Any CPU.Deploy.0 = Release|Any CPU
		{945465C6-D85E-4608-9F69-3520CF79B3AB}.AppStore|ARM.ActiveCfg = Release|Any CPU
		{945465C6-D85E-4608-9F69-3520CF79B3AB}.AppStore|ARM.Build.0 = Release|Any CPU
		{945465C6-D85E-4608-9F69-3520CF79B3AB}.AppStore|ARM.Deploy.0 = Release|Any CPU
		{945465C6-D85E-4608-9F69-3520CF79B3AB}.AppStore|iPhone.ActiveCfg = Release|Any CPU
		{945465C6-D85E-4608-9F69-3520CF79B3AB}.AppStore|iPhone.Build.0 = Release|Any CPU
		{945465C6-D85E-4608-9F69-3520CF79B3AB}.AppStore|iPhone.Deploy.0 = Release|Any CPU
		{945465C6-D85E-4608-9F69-3520CF79B3AB}.AppStore|iPhoneSimulator.ActiveCfg = Release|Any CPU
		{945465C6-D85E-4608-9F69-3520CF79B3AB}.AppStore|iPhoneSimulator.Build.0 = Release|Any CPU
		{945465C6-D85E-4608-9F69-3520CF79B3AB}.AppStore|iPhoneSimulator.Deploy.0 = Release|Any CPU
		{945465C6-D85E-4608-9F69-3520CF79B3AB}.AppStore|x64.ActiveCfg = Release|Any CPU
		{945465C6-D85E-4608-9F69-3520CF79B3AB}.AppStore|x64.Build.0 = Release|Any CPU
		{945465C6-D85E-4608-9F69-3520CF79B3AB}.AppStore|x64.Deploy.0 = Release|Any CPU
		{945465C6-D85E-4608-9F69-3520CF79B3AB}.AppStore|x86.ActiveCfg = Release|Any CPU
		{945465C6-D85E-4608-9F69-3520CF79B3AB}.AppStore|x86.Build.0 = Release|Any CPU
		{945465C6-D85E-4608-9F69-3520CF79B3AB}.AppStore|x86.Deploy.0 = Release|Any CPU
		{945465C6-D85E-4608-9F69-3520CF79B3AB}.Debug|Any CPU.ActiveCfg = Debug|Any CPU
		{945465C6-D85E-4608-9F69-3520CF79B3AB}.Debug|Any CPU.Build.0 = Debug|Any CPU
		{945465C6-D85E-4608-9F69-3520CF79B3AB}.Debug|Any CPU.Deploy.0 = Debug|Any CPU
		{945465C6-D85E-4608-9F69-3520CF79B3AB}.Debug|ARM.ActiveCfg = Debug|Any CPU
		{945465C6-D85E-4608-9F69-3520CF79B3AB}.Debug|ARM.Build.0 = Debug|Any CPU
		{945465C6-D85E-4608-9F69-3520CF79B3AB}.Debug|ARM.Deploy.0 = Debug|Any CPU
		{945465C6-D85E-4608-9F69-3520CF79B3AB}.Debug|iPhone.ActiveCfg = Debug|Any CPU
		{945465C6-D85E-4608-9F69-3520CF79B3AB}.Debug|iPhone.Build.0 = Debug|Any CPU
		{945465C6-D85E-4608-9F69-3520CF79B3AB}.Debug|iPhone.Deploy.0 = Debug|Any CPU
		{945465C6-D85E-4608-9F69-3520CF79B3AB}.Debug|iPhoneSimulator.ActiveCfg = Debug|Any CPU
		{945465C6-D85E-4608-9F69-3520CF79B3AB}.Debug|iPhoneSimulator.Build.0 = Debug|Any CPU
		{945465C6-D85E-4608-9F69-3520CF79B3AB}.Debug|iPhoneSimulator.Deploy.0 = Debug|Any CPU
		{945465C6-D85E-4608-9F69-3520CF79B3AB}.Debug|x64.ActiveCfg = Debug|Any CPU
		{945465C6-D85E-4608-9F69-3520CF79B3AB}.Debug|x64.Build.0 = Debug|Any CPU
		{945465C6-D85E-4608-9F69-3520CF79B3AB}.Debug|x64.Deploy.0 = Debug|Any CPU
		{945465C6-D85E-4608-9F69-3520CF79B3AB}.Debug|x86.ActiveCfg = Debug|Any CPU
		{945465C6-D85E-4608-9F69-3520CF79B3AB}.Debug|x86.Build.0 = Debug|Any CPU
		{945465C6-D85E-4608-9F69-3520CF79B3AB}.Debug|x86.Deploy.0 = Debug|Any CPU
		{945465C6-D85E-4608-9F69-3520CF79B3AB}.Release|Any CPU.ActiveCfg = Release|Any CPU
		{945465C6-D85E-4608-9F69-3520CF79B3AB}.Release|Any CPU.Build.0 = Release|Any CPU
		{945465C6-D85E-4608-9F69-3520CF79B3AB}.Release|Any CPU.Deploy.0 = Release|Any CPU
		{945465C6-D85E-4608-9F69-3520CF79B3AB}.Release|ARM.ActiveCfg = Release|Any CPU
		{945465C6-D85E-4608-9F69-3520CF79B3AB}.Release|ARM.Build.0 = Release|Any CPU
		{945465C6-D85E-4608-9F69-3520CF79B3AB}.Release|ARM.Deploy.0 = Release|Any CPU
		{945465C6-D85E-4608-9F69-3520CF79B3AB}.Release|iPhone.ActiveCfg = Release|Any CPU
		{945465C6-D85E-4608-9F69-3520CF79B3AB}.Release|iPhone.Build.0 = Release|Any CPU
		{945465C6-D85E-4608-9F69-3520CF79B3AB}.Release|iPhone.Deploy.0 = Release|Any CPU
		{945465C6-D85E-4608-9F69-3520CF79B3AB}.Release|iPhoneSimulator.ActiveCfg = Release|Any CPU
		{945465C6-D85E-4608-9F69-3520CF79B3AB}.Release|iPhoneSimulator.Build.0 = Release|Any CPU
		{945465C6-D85E-4608-9F69-3520CF79B3AB}.Release|iPhoneSimulator.Deploy.0 = Release|Any CPU
		{945465C6-D85E-4608-9F69-3520CF79B3AB}.Release|x64.ActiveCfg = Release|Any CPU
		{945465C6-D85E-4608-9F69-3520CF79B3AB}.Release|x64.Build.0 = Release|Any CPU
		{945465C6-D85E-4608-9F69-3520CF79B3AB}.Release|x64.Deploy.0 = Release|Any CPU
		{945465C6-D85E-4608-9F69-3520CF79B3AB}.Release|x86.ActiveCfg = Release|Any CPU
		{945465C6-D85E-4608-9F69-3520CF79B3AB}.Release|x86.Build.0 = Release|Any CPU
		{945465C6-D85E-4608-9F69-3520CF79B3AB}.Release|x86.Deploy.0 = Release|Any CPU
		{504349DA-5587-4686-A3DA-739D448FAA6D}.Ad-Hoc|Any CPU.ActiveCfg = Release|Any CPU
		{504349DA-5587-4686-A3DA-739D448FAA6D}.Ad-Hoc|Any CPU.Build.0 = Release|Any CPU
		{504349DA-5587-4686-A3DA-739D448FAA6D}.Ad-Hoc|ARM.ActiveCfg = Release|Any CPU
		{504349DA-5587-4686-A3DA-739D448FAA6D}.Ad-Hoc|ARM.Build.0 = Release|Any CPU
		{504349DA-5587-4686-A3DA-739D448FAA6D}.Ad-Hoc|iPhone.ActiveCfg = Release|Any CPU
		{504349DA-5587-4686-A3DA-739D448FAA6D}.Ad-Hoc|iPhone.Build.0 = Release|Any CPU
		{504349DA-5587-4686-A3DA-739D448FAA6D}.Ad-Hoc|iPhoneSimulator.ActiveCfg = Release|Any CPU
		{504349DA-5587-4686-A3DA-739D448FAA6D}.Ad-Hoc|iPhoneSimulator.Build.0 = Release|Any CPU
		{504349DA-5587-4686-A3DA-739D448FAA6D}.Ad-Hoc|x64.ActiveCfg = Release|Any CPU
		{504349DA-5587-4686-A3DA-739D448FAA6D}.Ad-Hoc|x64.Build.0 = Release|Any CPU
		{504349DA-5587-4686-A3DA-739D448FAA6D}.Ad-Hoc|x86.ActiveCfg = Release|Any CPU
		{504349DA-5587-4686-A3DA-739D448FAA6D}.Ad-Hoc|x86.Build.0 = Release|Any CPU
		{504349DA-5587-4686-A3DA-739D448FAA6D}.AppStore|Any CPU.ActiveCfg = Release|Any CPU
		{504349DA-5587-4686-A3DA-739D448FAA6D}.AppStore|Any CPU.Build.0 = Release|Any CPU
		{504349DA-5587-4686-A3DA-739D448FAA6D}.AppStore|ARM.ActiveCfg = Release|Any CPU
		{504349DA-5587-4686-A3DA-739D448FAA6D}.AppStore|ARM.Build.0 = Release|Any CPU
		{504349DA-5587-4686-A3DA-739D448FAA6D}.AppStore|iPhone.ActiveCfg = Release|Any CPU
		{504349DA-5587-4686-A3DA-739D448FAA6D}.AppStore|iPhone.Build.0 = Release|Any CPU
		{504349DA-5587-4686-A3DA-739D448FAA6D}.AppStore|iPhoneSimulator.ActiveCfg = Release|Any CPU
		{504349DA-5587-4686-A3DA-739D448FAA6D}.AppStore|iPhoneSimulator.Build.0 = Release|Any CPU
		{504349DA-5587-4686-A3DA-739D448FAA6D}.AppStore|x64.ActiveCfg = Release|Any CPU
		{504349DA-5587-4686-A3DA-739D448FAA6D}.AppStore|x64.Build.0 = Release|Any CPU
		{504349DA-5587-4686-A3DA-739D448FAA6D}.AppStore|x86.ActiveCfg = Release|Any CPU
		{504349DA-5587-4686-A3DA-739D448FAA6D}.AppStore|x86.Build.0 = Release|Any CPU
		{504349DA-5587-4686-A3DA-739D448FAA6D}.Debug|Any CPU.ActiveCfg = Debug|Any CPU
		{504349DA-5587-4686-A3DA-739D448FAA6D}.Debug|Any CPU.Build.0 = Debug|Any CPU
		{504349DA-5587-4686-A3DA-739D448FAA6D}.Debug|ARM.ActiveCfg = Debug|Any CPU
		{504349DA-5587-4686-A3DA-739D448FAA6D}.Debug|ARM.Build.0 = Debug|Any CPU
		{504349DA-5587-4686-A3DA-739D448FAA6D}.Debug|iPhone.ActiveCfg = Debug|Any CPU
		{504349DA-5587-4686-A3DA-739D448FAA6D}.Debug|iPhone.Build.0 = Debug|Any CPU
		{504349DA-5587-4686-A3DA-739D448FAA6D}.Debug|iPhoneSimulator.ActiveCfg = Debug|Any CPU
		{504349DA-5587-4686-A3DA-739D448FAA6D}.Debug|iPhoneSimulator.Build.0 = Debug|Any CPU
		{504349DA-5587-4686-A3DA-739D448FAA6D}.Debug|x64.ActiveCfg = Debug|Any CPU
		{504349DA-5587-4686-A3DA-739D448FAA6D}.Debug|x64.Build.0 = Debug|Any CPU
		{504349DA-5587-4686-A3DA-739D448FAA6D}.Debug|x86.ActiveCfg = Debug|Any CPU
		{504349DA-5587-4686-A3DA-739D448FAA6D}.Debug|x86.Build.0 = Debug|Any CPU
		{504349DA-5587-4686-A3DA-739D448FAA6D}.Release|Any CPU.ActiveCfg = Release|Any CPU
		{504349DA-5587-4686-A3DA-739D448FAA6D}.Release|Any CPU.Build.0 = Release|Any CPU
		{504349DA-5587-4686-A3DA-739D448FAA6D}.Release|ARM.ActiveCfg = Release|Any CPU
		{504349DA-5587-4686-A3DA-739D448FAA6D}.Release|ARM.Build.0 = Release|Any CPU
		{504349DA-5587-4686-A3DA-739D448FAA6D}.Release|iPhone.ActiveCfg = Release|Any CPU
		{504349DA-5587-4686-A3DA-739D448FAA6D}.Release|iPhone.Build.0 = Release|Any CPU
		{504349DA-5587-4686-A3DA-739D448FAA6D}.Release|iPhoneSimulator.ActiveCfg = Release|Any CPU
		{504349DA-5587-4686-A3DA-739D448FAA6D}.Release|iPhoneSimulator.Build.0 = Release|Any CPU
		{504349DA-5587-4686-A3DA-739D448FAA6D}.Release|x64.ActiveCfg = Release|Any CPU
		{504349DA-5587-4686-A3DA-739D448FAA6D}.Release|x64.Build.0 = Release|Any CPU
		{504349DA-5587-4686-A3DA-739D448FAA6D}.Release|x86.ActiveCfg = Release|Any CPU
		{504349DA-5587-4686-A3DA-739D448FAA6D}.Release|x86.Build.0 = Release|Any CPU
		{0CDC6A82-A68F-402F-BDEE-273853005ECE}.Ad-Hoc|Any CPU.ActiveCfg = Release|x86
		{0CDC6A82-A68F-402F-BDEE-273853005ECE}.Ad-Hoc|Any CPU.Build.0 = Release|x86
		{0CDC6A82-A68F-402F-BDEE-273853005ECE}.Ad-Hoc|Any CPU.Deploy.0 = Release|x86
		{0CDC6A82-A68F-402F-BDEE-273853005ECE}.Ad-Hoc|ARM.ActiveCfg = Release|ARM
		{0CDC6A82-A68F-402F-BDEE-273853005ECE}.Ad-Hoc|ARM.Build.0 = Release|ARM
		{0CDC6A82-A68F-402F-BDEE-273853005ECE}.Ad-Hoc|ARM.Deploy.0 = Release|ARM
		{0CDC6A82-A68F-402F-BDEE-273853005ECE}.Ad-Hoc|iPhone.ActiveCfg = Release|x86
		{0CDC6A82-A68F-402F-BDEE-273853005ECE}.Ad-Hoc|iPhone.Build.0 = Release|x86
		{0CDC6A82-A68F-402F-BDEE-273853005ECE}.Ad-Hoc|iPhone.Deploy.0 = Release|x86
		{0CDC6A82-A68F-402F-BDEE-273853005ECE}.Ad-Hoc|iPhoneSimulator.ActiveCfg = Release|x86
		{0CDC6A82-A68F-402F-BDEE-273853005ECE}.Ad-Hoc|iPhoneSimulator.Build.0 = Release|x86
		{0CDC6A82-A68F-402F-BDEE-273853005ECE}.Ad-Hoc|iPhoneSimulator.Deploy.0 = Release|x86
		{0CDC6A82-A68F-402F-BDEE-273853005ECE}.Ad-Hoc|x64.ActiveCfg = Release|x64
		{0CDC6A82-A68F-402F-BDEE-273853005ECE}.Ad-Hoc|x64.Build.0 = Release|x64
		{0CDC6A82-A68F-402F-BDEE-273853005ECE}.Ad-Hoc|x64.Deploy.0 = Release|x64
		{0CDC6A82-A68F-402F-BDEE-273853005ECE}.Ad-Hoc|x86.ActiveCfg = Release|x86
		{0CDC6A82-A68F-402F-BDEE-273853005ECE}.Ad-Hoc|x86.Build.0 = Release|x86
		{0CDC6A82-A68F-402F-BDEE-273853005ECE}.Ad-Hoc|x86.Deploy.0 = Release|x86
		{0CDC6A82-A68F-402F-BDEE-273853005ECE}.AppStore|Any CPU.ActiveCfg = Release|x86
		{0CDC6A82-A68F-402F-BDEE-273853005ECE}.AppStore|Any CPU.Build.0 = Release|x86
		{0CDC6A82-A68F-402F-BDEE-273853005ECE}.AppStore|Any CPU.Deploy.0 = Release|x86
		{0CDC6A82-A68F-402F-BDEE-273853005ECE}.AppStore|ARM.ActiveCfg = Release|ARM
		{0CDC6A82-A68F-402F-BDEE-273853005ECE}.AppStore|ARM.Build.0 = Release|ARM
		{0CDC6A82-A68F-402F-BDEE-273853005ECE}.AppStore|ARM.Deploy.0 = Release|ARM
		{0CDC6A82-A68F-402F-BDEE-273853005ECE}.AppStore|iPhone.ActiveCfg = Release|x86
		{0CDC6A82-A68F-402F-BDEE-273853005ECE}.AppStore|iPhone.Build.0 = Release|x86
		{0CDC6A82-A68F-402F-BDEE-273853005ECE}.AppStore|iPhone.Deploy.0 = Release|x86
		{0CDC6A82-A68F-402F-BDEE-273853005ECE}.AppStore|iPhoneSimulator.ActiveCfg = Release|x86
		{0CDC6A82-A68F-402F-BDEE-273853005ECE}.AppStore|iPhoneSimulator.Build.0 = Release|x86
		{0CDC6A82-A68F-402F-BDEE-273853005ECE}.AppStore|iPhoneSimulator.Deploy.0 = Release|x86
		{0CDC6A82-A68F-402F-BDEE-273853005ECE}.AppStore|x64.ActiveCfg = Release|x64
		{0CDC6A82-A68F-402F-BDEE-273853005ECE}.AppStore|x64.Build.0 = Release|x64
		{0CDC6A82-A68F-402F-BDEE-273853005ECE}.AppStore|x64.Deploy.0 = Release|x64
		{0CDC6A82-A68F-402F-BDEE-273853005ECE}.AppStore|x86.ActiveCfg = Release|x86
		{0CDC6A82-A68F-402F-BDEE-273853005ECE}.AppStore|x86.Build.0 = Release|x86
		{0CDC6A82-A68F-402F-BDEE-273853005ECE}.AppStore|x86.Deploy.0 = Release|x86
		{0CDC6A82-A68F-402F-BDEE-273853005ECE}.Debug|Any CPU.ActiveCfg = Debug|x86
		{0CDC6A82-A68F-402F-BDEE-273853005ECE}.Debug|ARM.ActiveCfg = Debug|ARM
		{0CDC6A82-A68F-402F-BDEE-273853005ECE}.Debug|ARM.Build.0 = Debug|ARM
		{0CDC6A82-A68F-402F-BDEE-273853005ECE}.Debug|ARM.Deploy.0 = Debug|ARM
		{0CDC6A82-A68F-402F-BDEE-273853005ECE}.Debug|iPhone.ActiveCfg = Debug|x86
		{0CDC6A82-A68F-402F-BDEE-273853005ECE}.Debug|iPhoneSimulator.ActiveCfg = Debug|x86
		{0CDC6A82-A68F-402F-BDEE-273853005ECE}.Debug|x64.ActiveCfg = Debug|x64
		{0CDC6A82-A68F-402F-BDEE-273853005ECE}.Debug|x64.Build.0 = Debug|x64
		{0CDC6A82-A68F-402F-BDEE-273853005ECE}.Debug|x64.Deploy.0 = Debug|x64
		{0CDC6A82-A68F-402F-BDEE-273853005ECE}.Debug|x86.ActiveCfg = Debug|x86
		{0CDC6A82-A68F-402F-BDEE-273853005ECE}.Debug|x86.Build.0 = Debug|x86
		{0CDC6A82-A68F-402F-BDEE-273853005ECE}.Debug|x86.Deploy.0 = Debug|x86
		{0CDC6A82-A68F-402F-BDEE-273853005ECE}.Release|Any CPU.ActiveCfg = Release|x86
		{0CDC6A82-A68F-402F-BDEE-273853005ECE}.Release|ARM.ActiveCfg = Release|ARM
		{0CDC6A82-A68F-402F-BDEE-273853005ECE}.Release|ARM.Build.0 = Release|ARM
		{0CDC6A82-A68F-402F-BDEE-273853005ECE}.Release|ARM.Deploy.0 = Release|ARM
		{0CDC6A82-A68F-402F-BDEE-273853005ECE}.Release|iPhone.ActiveCfg = Release|x86
		{0CDC6A82-A68F-402F-BDEE-273853005ECE}.Release|iPhoneSimulator.ActiveCfg = Release|x86
		{0CDC6A82-A68F-402F-BDEE-273853005ECE}.Release|x64.ActiveCfg = Release|x64
		{0CDC6A82-A68F-402F-BDEE-273853005ECE}.Release|x64.Build.0 = Release|x64
		{0CDC6A82-A68F-402F-BDEE-273853005ECE}.Release|x64.Deploy.0 = Release|x64
		{0CDC6A82-A68F-402F-BDEE-273853005ECE}.Release|x86.ActiveCfg = Release|x86
		{0CDC6A82-A68F-402F-BDEE-273853005ECE}.Release|x86.Build.0 = Release|x86
		{0CDC6A82-A68F-402F-BDEE-273853005ECE}.Release|x86.Deploy.0 = Release|x86
		{AEB1EDFB-2D98-4103-A853-9FF199D4B7EB}.Ad-Hoc|Any CPU.ActiveCfg = Ad-Hoc|iPhone
		{AEB1EDFB-2D98-4103-A853-9FF199D4B7EB}.Ad-Hoc|ARM.ActiveCfg = Ad-Hoc|iPhone
		{AEB1EDFB-2D98-4103-A853-9FF199D4B7EB}.Ad-Hoc|iPhone.ActiveCfg = Ad-Hoc|iPhone
		{AEB1EDFB-2D98-4103-A853-9FF199D4B7EB}.Ad-Hoc|iPhone.Build.0 = Ad-Hoc|iPhone
		{AEB1EDFB-2D98-4103-A853-9FF199D4B7EB}.Ad-Hoc|iPhoneSimulator.ActiveCfg = Ad-Hoc|iPhoneSimulator
		{AEB1EDFB-2D98-4103-A853-9FF199D4B7EB}.Ad-Hoc|iPhoneSimulator.Build.0 = Ad-Hoc|iPhoneSimulator
		{AEB1EDFB-2D98-4103-A853-9FF199D4B7EB}.Ad-Hoc|x64.ActiveCfg = Ad-Hoc|iPhone
		{AEB1EDFB-2D98-4103-A853-9FF199D4B7EB}.Ad-Hoc|x86.ActiveCfg = Ad-Hoc|iPhone
		{AEB1EDFB-2D98-4103-A853-9FF199D4B7EB}.AppStore|Any CPU.ActiveCfg = AppStore|iPhone
		{AEB1EDFB-2D98-4103-A853-9FF199D4B7EB}.AppStore|ARM.ActiveCfg = AppStore|iPhone
		{AEB1EDFB-2D98-4103-A853-9FF199D4B7EB}.AppStore|iPhone.ActiveCfg = AppStore|iPhone
		{AEB1EDFB-2D98-4103-A853-9FF199D4B7EB}.AppStore|iPhone.Build.0 = AppStore|iPhone
		{AEB1EDFB-2D98-4103-A853-9FF199D4B7EB}.AppStore|iPhoneSimulator.ActiveCfg = AppStore|iPhoneSimulator
		{AEB1EDFB-2D98-4103-A853-9FF199D4B7EB}.AppStore|iPhoneSimulator.Build.0 = AppStore|iPhoneSimulator
		{AEB1EDFB-2D98-4103-A853-9FF199D4B7EB}.AppStore|x64.ActiveCfg = AppStore|iPhone
		{AEB1EDFB-2D98-4103-A853-9FF199D4B7EB}.AppStore|x86.ActiveCfg = AppStore|iPhone
		{AEB1EDFB-2D98-4103-A853-9FF199D4B7EB}.Debug|Any CPU.ActiveCfg = Debug|iPhone
		{AEB1EDFB-2D98-4103-A853-9FF199D4B7EB}.Debug|ARM.ActiveCfg = Debug|iPhone
		{AEB1EDFB-2D98-4103-A853-9FF199D4B7EB}.Debug|iPhone.ActiveCfg = Debug|iPhone
		{AEB1EDFB-2D98-4103-A853-9FF199D4B7EB}.Debug|iPhone.Build.0 = Debug|iPhone
		{AEB1EDFB-2D98-4103-A853-9FF199D4B7EB}.Debug|iPhoneSimulator.ActiveCfg = Debug|iPhoneSimulator
		{AEB1EDFB-2D98-4103-A853-9FF199D4B7EB}.Debug|iPhoneSimulator.Build.0 = Debug|iPhoneSimulator
		{AEB1EDFB-2D98-4103-A853-9FF199D4B7EB}.Debug|x64.ActiveCfg = Debug|iPhone
		{AEB1EDFB-2D98-4103-A853-9FF199D4B7EB}.Debug|x86.ActiveCfg = Debug|iPhone
		{AEB1EDFB-2D98-4103-A853-9FF199D4B7EB}.Release|Any CPU.ActiveCfg = Release|iPhone
		{AEB1EDFB-2D98-4103-A853-9FF199D4B7EB}.Release|ARM.ActiveCfg = Release|iPhone
		{AEB1EDFB-2D98-4103-A853-9FF199D4B7EB}.Release|iPhone.ActiveCfg = Release|iPhone
		{AEB1EDFB-2D98-4103-A853-9FF199D4B7EB}.Release|iPhone.Build.0 = Release|iPhone
		{AEB1EDFB-2D98-4103-A853-9FF199D4B7EB}.Release|iPhoneSimulator.ActiveCfg = Release|iPhoneSimulator
		{AEB1EDFB-2D98-4103-A853-9FF199D4B7EB}.Release|iPhoneSimulator.Build.0 = Release|iPhoneSimulator
		{AEB1EDFB-2D98-4103-A853-9FF199D4B7EB}.Release|x64.ActiveCfg = Release|iPhone
		{AEB1EDFB-2D98-4103-A853-9FF199D4B7EB}.Release|x86.ActiveCfg = Release|iPhone
	EndGlobalSection
	GlobalSection(SolutionProperties) = preSolution
		HideSolutionNode = FALSE
	EndGlobalSection
EndGlobal
